
Microsoft Visual Studio Solution File, Format Version 12.00
# Visual Studio Version 17
VisualStudioVersion = 17.4.33103.184
MinimumVisualStudioVersion = 10.0.40219.1
Project("{FAE04EC0-301F-11D3-BF4B-00C04F79EFBC}") = "ShapeAreaCalculatorLib", "ShapeAreaCalculatorLib.csproj", "{9569C376-B066-4F40-ACDA-736C711C409B}"
EndProject
Global
	GlobalSection(SolutionConfigurationPlatforms) = preSolution
		Debug|Any CPU = Debug|Any CPU
		Release|Any CPU = Release|Any CPU
	EndGlobalSection
	GlobalSection(ProjectConfigurationPlatforms) = postSolution
		{9569C376-B066-4F40-ACDA-736C711C409B}.Debug|Any CPU.ActiveCfg = Debug|Any CPU
		{9569C376-B066-4F40-ACDA-736C711C409B}.Debug|Any CPU.Build.0 = Debug|Any CPU
		{9569C376-B066-4F40-ACDA-736C711C409B}.Release|Any CPU.ActiveCfg = Release|Any CPU
		{9569C376-B066-4F40-ACDA-736C711C409B}.Release|Any CPU.Build.0 = Release|Any CPU
	EndGlobalSection
	GlobalSection(SolutionProperties) = preSolution
		HideSolutionNode = FALSE
	EndGlobalSection
	GlobalSection(ExtensibilityGlobals) = postSolution
		SolutionGuid = {7D636002-5533-4DDB-8148-9844FBE5C703}
	EndGlobalSection
EndGlobal
